
Microsoft Visual Studio Solution File, Format Version 12.00
Project("{2150E333-8FDC-42A3-9474-1A3956D46DE8}") = "src", "src", "{CC75792A-246F-4887-B841-928FB5E377D8}"
EndProject
Project("{2150E333-8FDC-42A3-9474-1A3956D46DE8}") = "tests", "tests", "{EF6323D4-E664-43DD-86C6-479441FFFFD1}"
EndProject
Project("{FAE04EC0-301F-11D3-BF4B-00C04F79EFBC}") = "LTA.Application", "src\LTA.Application\LTA.Application.csproj", "{C5BF36C1-9D98-4741-BB29-237EB3913E5A}"
EndProject
Project("{FAE04EC0-301F-11D3-BF4B-00C04F79EFBC}") = "LTA.Domain", "src\LTA.Domain\LTA.Domain.csproj", "{0F7BF8A0-D0D8-42AA-8810-2AA211BE5EEE}"
EndProject
Project("{FAE04EC0-301F-11D3-BF4B-00C04F79EFBC}") = "LTA.Infrastructure", "src\LTA.Infrastructure\LTA.Infrastructure.csproj", "{EAA742F2-782B-4124-87C8-7EA927020574}"
EndProject
Project("{FAE04EC0-301F-11D3-BF4B-00C04F79EFBC}") = "LTA.WebAPI", "src\LTA.WebAPI\LTA.WebAPI.csproj", "{D659398F-CC4B-46FA-920F-914C1AC576C0}"
EndProject
Project("{2150E333-8FDC-42A3-9474-1A3956D46DE8}") = "solution-items", "solution-items", "{7D1AC5EA-3C11-4B17-9730-ECBE79AC17FE}"
	ProjectSection(SolutionItems) = preProject
		docker-compose.yml = docker-compose.yml
		README.md = README.md
	EndProjectSection
EndProject
Global
	GlobalSection(SolutionConfigurationPlatforms) = preSolution
		Debug|Any CPU = Debug|Any CPU
		Release|Any CPU = Release|Any CPU
	EndGlobalSection
	GlobalSection(NestedProjects) = preSolution
		{C5BF36C1-9D98-4741-BB29-237EB3913E5A} = {CC75792A-246F-4887-B841-928FB5E377D8}
		{0F7BF8A0-D0D8-42AA-8810-2AA211BE5EEE} = {CC75792A-246F-4887-B841-928FB5E377D8}
		{EAA742F2-782B-4124-87C8-7EA927020574} = {CC75792A-246F-4887-B841-928FB5E377D8}
		{D659398F-CC4B-46FA-920F-914C1AC576C0} = {CC75792A-246F-4887-B841-928FB5E377D8}
	EndGlobalSection
	GlobalSection(ProjectConfigurationPlatforms) = postSolution
		{C5BF36C1-9D98-4741-BB29-237EB3913E5A}.Debug|Any CPU.ActiveCfg = Debug|Any CPU
		{C5BF36C1-9D98-4741-BB29-237EB3913E5A}.Debug|Any CPU.Build.0 = Debug|Any CPU
		{C5BF36C1-9D98-4741-BB29-237EB3913E5A}.Release|Any CPU.ActiveCfg = Release|Any CPU
		{C5BF36C1-9D98-4741-BB29-237EB3913E5A}.Release|Any CPU.Build.0 = Release|Any CPU
		{0F7BF8A0-D0D8-42AA-8810-2AA211BE5EEE}.Debug|Any CPU.ActiveCfg = Debug|Any CPU
		{0F7BF8A0-D0D8-42AA-8810-2AA211BE5EEE}.Debug|Any CPU.Build.0 = Debug|Any CPU
		{0F7BF8A0-D0D8-42AA-8810-2AA211BE5EEE}.Release|Any CPU.ActiveCfg = Release|Any CPU
		{0F7BF8A0-D0D8-42AA-8810-2AA211BE5EEE}.Release|Any CPU.Build.0 = Release|Any CPU
		{EAA742F2-782B-4124-87C8-7EA927020574}.Debug|Any CPU.ActiveCfg = Debug|Any CPU
		{EAA742F2-782B-4124-87C8-7EA927020574}.Debug|Any CPU.Build.0 = Debug|Any CPU
		{EAA742F2-782B-4124-87C8-7EA927020574}.Release|Any CPU.ActiveCfg = Release|Any CPU
		{EAA742F2-782B-4124-87C8-7EA927020574}.Release|Any CPU.Build.0 = Release|Any CPU
		{D659398F-CC4B-46FA-920F-914C1AC576C0}.Debug|Any CPU.ActiveCfg = Debug|Any CPU
		{D659398F-CC4B-46FA-920F-914C1AC576C0}.Debug|Any CPU.Build.0 = Debug|Any CPU
		{D659398F-CC4B-46FA-920F-914C1AC576C0}.Release|Any CPU.ActiveCfg = Release|Any CPU
		{D659398F-CC4B-46FA-920F-914C1AC576C0}.Release|Any CPU.Build.0 = Release|Any CPU
	EndGlobalSection
EndGlobal
